// !$*UTF8*$!
{
	archiveVersion = 1;
	classes = {
	};
	objectVersion = 55;
	objects = {

/* Begin PBXBuildFile section */
		B9BBFDBF26C648C100B770E4 /* EnrolledView.swift in Sources */ = {isa = PBXBuildFile; fileRef = B9BBFDBE26C648C100B770E4 /* EnrolledView.swift */; };
		B9BBFDC226CD6B1100B770E4 /* AppHeader.swift in Sources */ = {isa = PBXBuildFile; fileRef = B9BBFDC126CD6B1100B770E4 /* AppHeader.swift */; };
		B9BBFDC426CD6D0200B770E4 /* InputFieldView.swift in Sources */ = {isa = PBXBuildFile; fileRef = B9BBFDC326CD6D0200B770E4 /* InputFieldView.swift */; };
		B9BBFDC626CD6D9800B770E4 /* RadioButtonGroup.swift in Sources */ = {isa = PBXBuildFile; fileRef = B9BBFDC526CD6D9800B770E4 /* RadioButtonGroup.swift */; };
		B9BBFDC826CD6EC800B770E4 /* EnrollmentSuccessMessage.swift in Sources */ = {isa = PBXBuildFile; fileRef = B9BBFDC726CD6EC800B770E4 /* EnrollmentSuccessMessage.swift */; };
		B9BBFDCC26CD707D00B770E4 /* EnrollmentFailureMessage.swift in Sources */ = {isa = PBXBuildFile; fileRef = B9BBFDCB26CD707D00B770E4 /* EnrollmentFailureMessage.swift */; };
		B9BBFDD026CD9C6C00B770E4 /* Colors.swift in Sources */ = {isa = PBXBuildFile; fileRef = B9BBFDCF26CD9C6C00B770E4 /* Colors.swift */; };
		EA46D45426C4F850008CE3C0 /* ChronicleTests.swift in Sources */ = {isa = PBXBuildFile; fileRef = EA46D45326C4F850008CE3C0 /* ChronicleTests.swift */; };
		EA63652326C6D6EF005D6DFC /* UserSettingsKeys.swift in Sources */ = {isa = PBXBuildFile; fileRef = EA63652226C6D6EF005D6DFC /* UserSettingsKeys.swift */; };
		EA802F2926BA4C0400C494F8 /* ChronicleApp.swift in Sources */ = {isa = PBXBuildFile; fileRef = EA802F2826BA4C0400C494F8 /* ChronicleApp.swift */; };
		EA802F2B26BA4C0400C494F8 /* EnrollmentView.swift in Sources */ = {isa = PBXBuildFile; fileRef = EA802F2A26BA4C0400C494F8 /* EnrollmentView.swift */; };
		EA802F2D26BA4C0500C494F8 /* Assets.xcassets in Resources */ = {isa = PBXBuildFile; fileRef = EA802F2C26BA4C0500C494F8 /* Assets.xcassets */; };
		EA802F3026BA4C0500C494F8 /* Preview Assets.xcassets in Resources */ = {isa = PBXBuildFile; fileRef = EA802F2F26BA4C0500C494F8 /* Preview Assets.xcassets */; };
		EA82494D26C4F27500F9CD7C /* IOSDevice.swift in Sources */ = {isa = PBXBuildFile; fileRef = EA82494C26C4F27500F9CD7C /* IOSDevice.swift */; };
		EA82494F26C4F28E00F9CD7C /* Enrollment.swift in Sources */ = {isa = PBXBuildFile; fileRef = EA82494E26C4F28E00F9CD7C /* Enrollment.swift */; };
		EA82495326C4F2D500F9CD7C /* EnrollmentViewModel.swift in Sources */ = {isa = PBXBuildFile; fileRef = EA82495226C4F2D500F9CD7C /* EnrollmentViewModel.swift */; };
		EA82495526C4F2F900F9CD7C /* ApiClient.swift in Sources */ = {isa = PBXBuildFile; fileRef = EA82495426C4F2F900F9CD7C /* ApiClient.swift */; };
		EA82495726C4F31A00F9CD7C /* ApiUtils.swift in Sources */ = {isa = PBXBuildFile; fileRef = EA82495626C4F31A00F9CD7C /* ApiUtils.swift */; };
		EA82495926C4F33800F9CD7C /* EnrollmentUtils.swift in Sources */ = {isa = PBXBuildFile; fileRef = EA82495826C4F33800F9CD7C /* EnrollmentUtils.swift */; };
/* End PBXBuildFile section */

/* Begin PBXContainerItemProxy section */
		EA46D44C26C4F745008CE3C0 /* PBXContainerItemProxy */ = {
			isa = PBXContainerItemProxy;
			containerPortal = EA802F1D26BA4C0400C494F8 /* Project object */;
			proxyType = 1;
			remoteGlobalIDString = EA802F2426BA4C0400C494F8;
			remoteInfo = chronicle;
		};
/* End PBXContainerItemProxy section */

/* Begin PBXFileReference section */
		B9BBFDBE26C648C100B770E4 /* EnrolledView.swift */ = {isa = PBXFileReference; lastKnownFileType = sourcecode.swift; path = EnrolledView.swift; sourceTree = "<group>"; };
		B9BBFDC126CD6B1100B770E4 /* AppHeader.swift */ = {isa = PBXFileReference; lastKnownFileType = sourcecode.swift; path = AppHeader.swift; sourceTree = "<group>"; };
		B9BBFDC326CD6D0200B770E4 /* InputFieldView.swift */ = {isa = PBXFileReference; lastKnownFileType = sourcecode.swift; path = InputFieldView.swift; sourceTree = "<group>"; };
		B9BBFDC526CD6D9800B770E4 /* RadioButtonGroup.swift */ = {isa = PBXFileReference; lastKnownFileType = sourcecode.swift; path = RadioButtonGroup.swift; sourceTree = "<group>"; };
		B9BBFDC726CD6EC800B770E4 /* EnrollmentSuccessMessage.swift */ = {isa = PBXFileReference; lastKnownFileType = sourcecode.swift; path = EnrollmentSuccessMessage.swift; sourceTree = "<group>"; };
		B9BBFDCB26CD707D00B770E4 /* EnrollmentFailureMessage.swift */ = {isa = PBXFileReference; lastKnownFileType = sourcecode.swift; path = EnrollmentFailureMessage.swift; sourceTree = "<group>"; };
		B9BBFDCF26CD9C6C00B770E4 /* Colors.swift */ = {isa = PBXFileReference; lastKnownFileType = sourcecode.swift; path = Colors.swift; sourceTree = "<group>"; };
		EA46D44826C4F745008CE3C0 /* chronicleTests.xctest */ = {isa = PBXFileReference; explicitFileType = wrapper.cfbundle; includeInIndex = 0; path = chronicleTests.xctest; sourceTree = BUILT_PRODUCTS_DIR; };
		EA46D45326C4F850008CE3C0 /* ChronicleTests.swift */ = {isa = PBXFileReference; lastKnownFileType = sourcecode.swift; name = ChronicleTests.swift; path = chronicleTests/ChronicleTests.swift; sourceTree = "<group>"; };
		EA63652226C6D6EF005D6DFC /* UserSettingsKeys.swift */ = {isa = PBXFileReference; lastKnownFileType = sourcecode.swift; path = UserSettingsKeys.swift; sourceTree = "<group>"; };
		EA802F2526BA4C0400C494F8 /* chronicle.app */ = {isa = PBXFileReference; explicitFileType = wrapper.application; includeInIndex = 0; path = chronicle.app; sourceTree = BUILT_PRODUCTS_DIR; };
		EA802F2826BA4C0400C494F8 /* ChronicleApp.swift */ = {isa = PBXFileReference; lastKnownFileType = sourcecode.swift; path = ChronicleApp.swift; sourceTree = "<group>"; };
		EA802F2A26BA4C0400C494F8 /* EnrollmentView.swift */ = {isa = PBXFileReference; lastKnownFileType = sourcecode.swift; path = EnrollmentView.swift; sourceTree = "<group>"; };
		EA802F2C26BA4C0500C494F8 /* Assets.xcassets */ = {isa = PBXFileReference; lastKnownFileType = folder.assetcatalog; path = Assets.xcassets; sourceTree = "<group>"; };
		EA802F2F26BA4C0500C494F8 /* Preview Assets.xcassets */ = {isa = PBXFileReference; lastKnownFileType = folder.assetcatalog; path = "Preview Assets.xcassets"; sourceTree = "<group>"; };
		EA82494C26C4F27500F9CD7C /* IOSDevice.swift */ = {isa = PBXFileReference; lastKnownFileType = sourcecode.swift; path = IOSDevice.swift; sourceTree = "<group>"; };
		EA82494E26C4F28E00F9CD7C /* Enrollment.swift */ = {isa = PBXFileReference; lastKnownFileType = sourcecode.swift; path = Enrollment.swift; sourceTree = "<group>"; };
		EA82495226C4F2D500F9CD7C /* EnrollmentViewModel.swift */ = {isa = PBXFileReference; lastKnownFileType = sourcecode.swift; path = EnrollmentViewModel.swift; sourceTree = "<group>"; };
		EA82495426C4F2F900F9CD7C /* ApiClient.swift */ = {isa = PBXFileReference; lastKnownFileType = sourcecode.swift; path = ApiClient.swift; sourceTree = "<group>"; };
		EA82495626C4F31A00F9CD7C /* ApiUtils.swift */ = {isa = PBXFileReference; lastKnownFileType = sourcecode.swift; path = ApiUtils.swift; sourceTree = "<group>"; };
		EA82495826C4F33800F9CD7C /* EnrollmentUtils.swift */ = {isa = PBXFileReference; lastKnownFileType = sourcecode.swift; path = EnrollmentUtils.swift; sourceTree = "<group>"; };
/* End PBXFileReference section */

/* Begin PBXFrameworksBuildPhase section */
		EA46D44526C4F745008CE3C0 /* Frameworks */ = {
			isa = PBXFrameworksBuildPhase;
			buildActionMask = 2147483647;
			files = (
			);
			runOnlyForDeploymentPostprocessing = 0;
		};
		EA802F2226BA4C0400C494F8 /* Frameworks */ = {
			isa = PBXFrameworksBuildPhase;
			buildActionMask = 2147483647;
			files = (
			);
			runOnlyForDeploymentPostprocessing = 0;
		};
/* End PBXFrameworksBuildPhase section */

/* Begin PBXGroup section */
		B9BBFDC026CD6AFC00B770E4 /* Views */ = {
			isa = PBXGroup;
			children = (
				B9BBFDBE26C648C100B770E4 /* EnrolledView.swift */,
				EA802F2A26BA4C0400C494F8 /* EnrollmentView.swift */,
				B9BBFDC126CD6B1100B770E4 /* AppHeader.swift */,
				B9BBFDC326CD6D0200B770E4 /* InputFieldView.swift */,
				B9BBFDC526CD6D9800B770E4 /* RadioButtonGroup.swift */,
				B9BBFDC726CD6EC800B770E4 /* EnrollmentSuccessMessage.swift */,
				B9BBFDCB26CD707D00B770E4 /* EnrollmentFailureMessage.swift */,
			);
			path = Views;
			sourceTree = "<group>";
		};
		EA46D44926C4F745008CE3C0 /* chronicleTests */ = {
			isa = PBXGroup;
			children = (
			);
			path = chronicleTests;
			sourceTree = "<group>";
		};
		EA802F1C26BA4C0400C494F8 = {
			isa = PBXGroup;
			children = (
				EA46D45326C4F850008CE3C0 /* ChronicleTests.swift */,
				EA802F2726BA4C0400C494F8 /* chronicle */,
				EA46D44926C4F745008CE3C0 /* chronicleTests */,
				EA802F2626BA4C0400C494F8 /* Products */,
			);
			sourceTree = "<group>";
		};
		EA802F2626BA4C0400C494F8 /* Products */ = {
			isa = PBXGroup;
			children = (
				EA802F2526BA4C0400C494F8 /* chronicle.app */,
				EA46D44826C4F745008CE3C0 /* chronicleTests.xctest */,
			);
			name = Products;
			sourceTree = "<group>";
		};
		EA802F2726BA4C0400C494F8 /* chronicle */ = {
			isa = PBXGroup;
			children = (
				B9BBFDC026CD6AFC00B770E4 /* Views */,
				EA82494926C4F14100F9CD7C /* Utilities */,
				EA82494826C4F13900F9CD7C /* ViewModels */,
				EA82494726C4F12500F9CD7C /* Models */,
				EA802F2826BA4C0400C494F8 /* ChronicleApp.swift */,
				EA802F2C26BA4C0500C494F8 /* Assets.xcassets */,
				EA802F2E26BA4C0500C494F8 /* Preview Content */,
				B9BBFDCF26CD9C6C00B770E4 /* Colors.swift */,
			);
			path = chronicle;
			sourceTree = "<group>";
		};
		EA802F2E26BA4C0500C494F8 /* Preview Content */ = {
			isa = PBXGroup;
			children = (
				EA802F2F26BA4C0500C494F8 /* Preview Assets.xcassets */,
			);
			path = "Preview Content";
			sourceTree = "<group>";
		};
		EA82494726C4F12500F9CD7C /* Models */ = {
			isa = PBXGroup;
			children = (
				EA82494C26C4F27500F9CD7C /* IOSDevice.swift */,
				EA82494E26C4F28E00F9CD7C /* Enrollment.swift */,
				EA63652226C6D6EF005D6DFC /* UserSettingsKeys.swift */,
			);
			path = Models;
			sourceTree = "<group>";
		};
		EA82494826C4F13900F9CD7C /* ViewModels */ = {
			isa = PBXGroup;
			children = (
				EA82495226C4F2D500F9CD7C /* EnrollmentViewModel.swift */,
			);
			path = ViewModels;
			sourceTree = "<group>";
		};
		EA82494926C4F14100F9CD7C /* Utilities */ = {
			isa = PBXGroup;
			children = (
				EA82495426C4F2F900F9CD7C /* ApiClient.swift */,
				EA82495626C4F31A00F9CD7C /* ApiUtils.swift */,
				EA82495826C4F33800F9CD7C /* EnrollmentUtils.swift */,
			);
			path = Utilities;
			sourceTree = "<group>";
		};
/* End PBXGroup section */

/* Begin PBXNativeTarget section */
		EA46D44726C4F745008CE3C0 /* chronicleTests */ = {
			isa = PBXNativeTarget;
			buildConfigurationList = EA46D44E26C4F745008CE3C0 /* Build configuration list for PBXNativeTarget "chronicleTests" */;
			buildPhases = (
				EA46D44426C4F745008CE3C0 /* Sources */,
				EA46D44526C4F745008CE3C0 /* Frameworks */,
				EA46D44626C4F745008CE3C0 /* Resources */,
			);
			buildRules = (
			);
			dependencies = (
				EA46D44D26C4F745008CE3C0 /* PBXTargetDependency */,
			);
			name = chronicleTests;
			productName = chronicleTests;
			productReference = EA46D44826C4F745008CE3C0 /* chronicleTests.xctest */;
			productType = "com.apple.product-type.bundle.unit-test";
		};
		EA802F2426BA4C0400C494F8 /* chronicle */ = {
			isa = PBXNativeTarget;
			buildConfigurationList = EA802F3326BA4C0500C494F8 /* Build configuration list for PBXNativeTarget "chronicle" */;
			buildPhases = (
				EA802F2126BA4C0400C494F8 /* Sources */,
				EA802F2226BA4C0400C494F8 /* Frameworks */,
				EA802F2326BA4C0400C494F8 /* Resources */,
			);
			buildRules = (
			);
			dependencies = (
			);
			name = chronicle;
			productName = chronicle;
			productReference = EA802F2526BA4C0400C494F8 /* chronicle.app */;
			productType = "com.apple.product-type.application";
		};
/* End PBXNativeTarget section */

/* Begin PBXProject section */
		EA802F1D26BA4C0400C494F8 /* Project object */ = {
			isa = PBXProject;
			attributes = {
				BuildIndependentTargetsInParallel = 1;
				LastSwiftUpdateCheck = 1300;
				LastUpgradeCheck = 1300;
				TargetAttributes = {
					EA46D44726C4F745008CE3C0 = {
						CreatedOnToolsVersion = 13.0;
						LastSwiftMigration = 1300;
						TestTargetID = EA802F2426BA4C0400C494F8;
					};
					EA802F2426BA4C0400C494F8 = {
						CreatedOnToolsVersion = 13.0;
					};
				};
			};
			buildConfigurationList = EA802F2026BA4C0400C494F8 /* Build configuration list for PBXProject "chronicle" */;
			compatibilityVersion = "Xcode 13.0";
			developmentRegion = en;
			hasScannedForEncodings = 0;
			knownRegions = (
				en,
				Base,
			);
			mainGroup = EA802F1C26BA4C0400C494F8;
			productRefGroup = EA802F2626BA4C0400C494F8 /* Products */;
			projectDirPath = "";
			projectRoot = "";
			targets = (
				EA802F2426BA4C0400C494F8 /* chronicle */,
				EA46D44726C4F745008CE3C0 /* chronicleTests */,
			);
		};
/* End PBXProject section */

/* Begin PBXResourcesBuildPhase section */
		EA46D44626C4F745008CE3C0 /* Resources */ = {
			isa = PBXResourcesBuildPhase;
			buildActionMask = 2147483647;
			files = (
			);
			runOnlyForDeploymentPostprocessing = 0;
		};
		EA802F2326BA4C0400C494F8 /* Resources */ = {
			isa = PBXResourcesBuildPhase;
			buildActionMask = 2147483647;
			files = (
				EA802F3026BA4C0500C494F8 /* Preview Assets.xcassets in Resources */,
				EA802F2D26BA4C0500C494F8 /* Assets.xcassets in Resources */,
			);
			runOnlyForDeploymentPostprocessing = 0;
		};
/* End PBXResourcesBuildPhase section */

/* Begin PBXSourcesBuildPhase section */
		EA46D44426C4F745008CE3C0 /* Sources */ = {
			isa = PBXSourcesBuildPhase;
			buildActionMask = 2147483647;
			files = (
				EA46D45426C4F850008CE3C0 /* ChronicleTests.swift in Sources */,
			);
			runOnlyForDeploymentPostprocessing = 0;
		};
		EA802F2126BA4C0400C494F8 /* Sources */ = {
			isa = PBXSourcesBuildPhase;
			buildActionMask = 2147483647;
			files = (
				EA82495526C4F2F900F9CD7C /* ApiClient.swift in Sources */,
				B9BBFDC226CD6B1100B770E4 /* AppHeader.swift in Sources */,
				B9BBFDCC26CD707D00B770E4 /* EnrollmentFailureMessage.swift in Sources */,
				B9BBFDD026CD9C6C00B770E4 /* Colors.swift in Sources */,
				B9BBFDC626CD6D9800B770E4 /* RadioButtonGroup.swift in Sources */,
				B9BBFDC826CD6EC800B770E4 /* EnrollmentSuccessMessage.swift in Sources */,
				EA82494D26C4F27500F9CD7C /* IOSDevice.swift in Sources */,
				EA802F2B26BA4C0400C494F8 /* EnrollmentView.swift in Sources */,
				B9BBFDBF26C648C100B770E4 /* EnrolledView.swift in Sources */,
				EA802F2B26BA4C0400C494F8 /* EnrollmentView.swift in Sources */,
				EA82495326C4F2D500F9CD7C /* EnrollmentViewModel.swift in Sources */,
				EA82495726C4F31A00F9CD7C /* ApiUtils.swift in Sources */,
				EA802F2926BA4C0400C494F8 /* ChronicleApp.swift in Sources */,
				EA63652326C6D6EF005D6DFC /* UserSettingsKeys.swift in Sources */,
				EA82494F26C4F28E00F9CD7C /* Enrollment.swift in Sources */,
				B9BBFDC426CD6D0200B770E4 /* InputFieldView.swift in Sources */,
				EA82495926C4F33800F9CD7C /* EnrollmentUtils.swift in Sources */,
			);
			runOnlyForDeploymentPostprocessing = 0;
		};
/* End PBXSourcesBuildPhase section */

/* Begin PBXTargetDependency section */
		EA46D44D26C4F745008CE3C0 /* PBXTargetDependency */ = {
			isa = PBXTargetDependency;
			target = EA802F2426BA4C0400C494F8 /* chronicle */;
			targetProxy = EA46D44C26C4F745008CE3C0 /* PBXContainerItemProxy */;
		};
/* End PBXTargetDependency section */

/* Begin XCBuildConfiguration section */
		EA46D44F26C4F745008CE3C0 /* Debug */ = {
			isa = XCBuildConfiguration;
			buildSettings = {
				BUNDLE_LOADER = "$(TEST_HOST)";
				CLANG_ENABLE_MODULES = YES;
				"CODE_SIGN_IDENTITY[sdk=macosx*]" = "Apple Development";
				CODE_SIGN_STYLE = Automatic;
				CURRENT_PROJECT_VERSION = 1;
				DEVELOPMENT_TEAM = 28UYMG34TU;
				GENERATE_INFOPLIST_FILE = YES;
				LD_RUNPATH_SEARCH_PATHS = (
					"$(inherited)",
					"@executable_path/Frameworks",
					"@loader_path/Frameworks",
				);
				MARKETING_VERSION = 1.0;
				PRODUCT_BUNDLE_IDENTIFIER = com.openlattice.chronicleTests;
				PRODUCT_NAME = "$(TARGET_NAME)";
				SWIFT_EMIT_LOC_STRINGS = NO;
				SWIFT_OPTIMIZATION_LEVEL = "-Onone";
				SWIFT_VERSION = 5.0;
				TARGETED_DEVICE_FAMILY = "1,2";
				TEST_HOST = "$(BUILT_PRODUCTS_DIR)/chronicle.app/chronicle";
			};
			name = Debug;
		};
		EA46D45026C4F745008CE3C0 /* Release */ = {
			isa = XCBuildConfiguration;
			buildSettings = {
				BUNDLE_LOADER = "$(TEST_HOST)";
				CLANG_ENABLE_MODULES = YES;
				"CODE_SIGN_IDENTITY[sdk=macosx*]" = "Apple Development";
				CODE_SIGN_STYLE = Automatic;
				CURRENT_PROJECT_VERSION = 1;
				DEVELOPMENT_TEAM = 28UYMG34TU;
				GENERATE_INFOPLIST_FILE = YES;
				LD_RUNPATH_SEARCH_PATHS = (
					"$(inherited)",
					"@executable_path/Frameworks",
					"@loader_path/Frameworks",
				);
				MARKETING_VERSION = 1.0;
				PRODUCT_BUNDLE_IDENTIFIER = com.openlattice.chronicleTests;
				PRODUCT_NAME = "$(TARGET_NAME)";
				SWIFT_EMIT_LOC_STRINGS = NO;
				SWIFT_VERSION = 5.0;
				TARGETED_DEVICE_FAMILY = "1,2";
				TEST_HOST = "$(BUILT_PRODUCTS_DIR)/chronicle.app/chronicle";
			};
			name = Release;
		};
		EA802F3126BA4C0500C494F8 /* Debug */ = {
			isa = XCBuildConfiguration;
			buildSettings = {
				ALWAYS_SEARCH_USER_PATHS = NO;
				CLANG_ANALYZER_NONNULL = YES;
				CLANG_ANALYZER_NUMBER_OBJECT_CONVERSION = YES_AGGRESSIVE;
				CLANG_CXX_LANGUAGE_STANDARD = "gnu++17";
				CLANG_CXX_LIBRARY = "libc++";
				CLANG_ENABLE_MODULES = YES;
				CLANG_ENABLE_OBJC_ARC = YES;
				CLANG_ENABLE_OBJC_WEAK = YES;
				CLANG_WARN_BLOCK_CAPTURE_AUTORELEASING = YES;
				CLANG_WARN_BOOL_CONVERSION = YES;
				CLANG_WARN_COMMA = YES;
				CLANG_WARN_CONSTANT_CONVERSION = YES;
				CLANG_WARN_DEPRECATED_OBJC_IMPLEMENTATIONS = YES;
				CLANG_WARN_DIRECT_OBJC_ISA_USAGE = YES_ERROR;
				CLANG_WARN_DOCUMENTATION_COMMENTS = YES;
				CLANG_WARN_EMPTY_BODY = YES;
				CLANG_WARN_ENUM_CONVERSION = YES;
				CLANG_WARN_INFINITE_RECURSION = YES;
				CLANG_WARN_INT_CONVERSION = YES;
				CLANG_WARN_NON_LITERAL_NULL_CONVERSION = YES;
				CLANG_WARN_OBJC_IMPLICIT_RETAIN_SELF = YES;
				CLANG_WARN_OBJC_LITERAL_CONVERSION = YES;
				CLANG_WARN_OBJC_ROOT_CLASS = YES_ERROR;
				CLANG_WARN_QUOTED_INCLUDE_IN_FRAMEWORK_HEADER = YES;
				CLANG_WARN_RANGE_LOOP_ANALYSIS = YES;
				CLANG_WARN_STRICT_PROTOTYPES = YES;
				CLANG_WARN_SUSPICIOUS_MOVE = YES;
				CLANG_WARN_UNGUARDED_AVAILABILITY = YES_AGGRESSIVE;
				CLANG_WARN_UNREACHABLE_CODE = YES;
				CLANG_WARN__DUPLICATE_METHOD_MATCH = YES;
				COPY_PHASE_STRIP = NO;
				DEBUG_INFORMATION_FORMAT = dwarf;
				ENABLE_STRICT_OBJC_MSGSEND = YES;
				ENABLE_TESTABILITY = YES;
				GCC_C_LANGUAGE_STANDARD = gnu11;
				GCC_DYNAMIC_NO_PIC = NO;
				GCC_NO_COMMON_BLOCKS = YES;
				GCC_OPTIMIZATION_LEVEL = 0;
				GCC_PREPROCESSOR_DEFINITIONS = (
					"DEBUG=1",
					"$(inherited)",
				);
				GCC_WARN_64_TO_32_BIT_CONVERSION = YES;
				GCC_WARN_ABOUT_RETURN_TYPE = YES_ERROR;
				GCC_WARN_UNDECLARED_SELECTOR = YES;
				GCC_WARN_UNINITIALIZED_AUTOS = YES_AGGRESSIVE;
				GCC_WARN_UNUSED_FUNCTION = YES;
				GCC_WARN_UNUSED_VARIABLE = YES;
				IPHONEOS_DEPLOYMENT_TARGET = 15.0;
				MTL_ENABLE_DEBUG_INFO = INCLUDE_SOURCE;
				MTL_FAST_MATH = YES;
				ONLY_ACTIVE_ARCH = YES;
				SDKROOT = iphoneos;
				SWIFT_ACTIVE_COMPILATION_CONDITIONS = DEBUG;
				SWIFT_OPTIMIZATION_LEVEL = "-Onone";
			};
			name = Debug;
		};
		EA802F3226BA4C0500C494F8 /* Release */ = {
			isa = XCBuildConfiguration;
			buildSettings = {
				ALWAYS_SEARCH_USER_PATHS = NO;
				CLANG_ANALYZER_NONNULL = YES;
				CLANG_ANALYZER_NUMBER_OBJECT_CONVERSION = YES_AGGRESSIVE;
				CLANG_CXX_LANGUAGE_STANDARD = "gnu++17";
				CLANG_CXX_LIBRARY = "libc++";
				CLANG_ENABLE_MODULES = YES;
				CLANG_ENABLE_OBJC_ARC = YES;
				CLANG_ENABLE_OBJC_WEAK = YES;
				CLANG_WARN_BLOCK_CAPTURE_AUTORELEASING = YES;
				CLANG_WARN_BOOL_CONVERSION = YES;
				CLANG_WARN_COMMA = YES;
				CLANG_WARN_CONSTANT_CONVERSION = YES;
				CLANG_WARN_DEPRECATED_OBJC_IMPLEMENTATIONS = YES;
				CLANG_WARN_DIRECT_OBJC_ISA_USAGE = YES_ERROR;
				CLANG_WARN_DOCUMENTATION_COMMENTS = YES;
				CLANG_WARN_EMPTY_BODY = YES;
				CLANG_WARN_ENUM_CONVERSION = YES;
				CLANG_WARN_INFINITE_RECURSION = YES;
				CLANG_WARN_INT_CONVERSION = YES;
				CLANG_WARN_NON_LITERAL_NULL_CONVERSION = YES;
				CLANG_WARN_OBJC_IMPLICIT_RETAIN_SELF = YES;
				CLANG_WARN_OBJC_LITERAL_CONVERSION = YES;
				CLANG_WARN_OBJC_ROOT_CLASS = YES_ERROR;
				CLANG_WARN_QUOTED_INCLUDE_IN_FRAMEWORK_HEADER = YES;
				CLANG_WARN_RANGE_LOOP_ANALYSIS = YES;
				CLANG_WARN_STRICT_PROTOTYPES = YES;
				CLANG_WARN_SUSPICIOUS_MOVE = YES;
				CLANG_WARN_UNGUARDED_AVAILABILITY = YES_AGGRESSIVE;
				CLANG_WARN_UNREACHABLE_CODE = YES;
				CLANG_WARN__DUPLICATE_METHOD_MATCH = YES;
				COPY_PHASE_STRIP = NO;
				DEBUG_INFORMATION_FORMAT = "dwarf-with-dsym";
				ENABLE_NS_ASSERTIONS = NO;
				ENABLE_STRICT_OBJC_MSGSEND = YES;
				GCC_C_LANGUAGE_STANDARD = gnu11;
				GCC_NO_COMMON_BLOCKS = YES;
				GCC_WARN_64_TO_32_BIT_CONVERSION = YES;
				GCC_WARN_ABOUT_RETURN_TYPE = YES_ERROR;
				GCC_WARN_UNDECLARED_SELECTOR = YES;
				GCC_WARN_UNINITIALIZED_AUTOS = YES_AGGRESSIVE;
				GCC_WARN_UNUSED_FUNCTION = YES;
				GCC_WARN_UNUSED_VARIABLE = YES;
				IPHONEOS_DEPLOYMENT_TARGET = 15.0;
				MTL_ENABLE_DEBUG_INFO = NO;
				MTL_FAST_MATH = YES;
				SDKROOT = iphoneos;
				SWIFT_COMPILATION_MODE = wholemodule;
				SWIFT_OPTIMIZATION_LEVEL = "-O";
				VALIDATE_PRODUCT = YES;
			};
			name = Release;
		};
		EA802F3426BA4C0500C494F8 /* Debug */ = {
			isa = XCBuildConfiguration;
			buildSettings = {
				ASSETCATALOG_COMPILER_APPICON_NAME = AppIcon;
				ASSETCATALOG_COMPILER_GLOBAL_ACCENT_COLOR_NAME = AccentColor;
				CODE_SIGN_STYLE = Automatic;
				CURRENT_PROJECT_VERSION = 1;
				DEVELOPMENT_ASSET_PATHS = "\"chronicle/Preview Content\"";
				DEVELOPMENT_TEAM = 28UYMG34TU;
				ENABLE_PREVIEWS = YES;
				GENERATE_INFOPLIST_FILE = YES;
				INFOPLIST_KEY_UIApplicationSceneManifest_Generation = YES;
				INFOPLIST_KEY_UIApplicationSupportsIndirectInputEvents = YES;
				INFOPLIST_KEY_UILaunchScreen_Generation = YES;
				INFOPLIST_KEY_UISupportedInterfaceOrientations_iPad = "UIInterfaceOrientationPortrait UIInterfaceOrientationPortraitUpsideDown UIInterfaceOrientationLandscapeLeft UIInterfaceOrientationLandscapeRight";
				INFOPLIST_KEY_UISupportedInterfaceOrientations_iPhone = "UIInterfaceOrientationPortrait UIInterfaceOrientationLandscapeLeft UIInterfaceOrientationLandscapeRight";
				IPHONEOS_DEPLOYMENT_TARGET = 15.0;
				LD_RUNPATH_SEARCH_PATHS = (
					"$(inherited)",
					"@executable_path/Frameworks",
				);
				MARKETING_VERSION = 1.0;
				PRODUCT_BUNDLE_IDENTIFIER = com.openlattice.chronicle;
				PRODUCT_NAME = "$(TARGET_NAME)";
				SWIFT_EMIT_LOC_STRINGS = YES;
				SWIFT_VERSION = 5.0;
				TARGETED_DEVICE_FAMILY = "1,2";
			};
			name = Debug;
		};
		EA802F3526BA4C0500C494F8 /* Release */ = {
			isa = XCBuildConfiguration;
			buildSettings = {
				ASSETCATALOG_COMPILER_APPICON_NAME = AppIcon;
				ASSETCATALOG_COMPILER_GLOBAL_ACCENT_COLOR_NAME = AccentColor;
				CODE_SIGN_STYLE = Automatic;
				CURRENT_PROJECT_VERSION = 1;
				DEVELOPMENT_ASSET_PATHS = "\"chronicle/Preview Content\"";
				DEVELOPMENT_TEAM = 28UYMG34TU;
				ENABLE_PREVIEWS = YES;
				GENERATE_INFOPLIST_FILE = YES;
				INFOPLIST_KEY_UIApplicationSceneManifest_Generation = YES;
				INFOPLIST_KEY_UIApplicationSupportsIndirectInputEvents = YES;
				INFOPLIST_KEY_UILaunchScreen_Generation = YES;
				INFOPLIST_KEY_UISupportedInterfaceOrientations_iPad = "UIInterfaceOrientationPortrait UIInterfaceOrientationPortraitUpsideDown UIInterfaceOrientationLandscapeLeft UIInterfaceOrientationLandscapeRight";
				INFOPLIST_KEY_UISupportedInterfaceOrientations_iPhone = "UIInterfaceOrientationPortrait UIInterfaceOrientationLandscapeLeft UIInterfaceOrientationLandscapeRight";
				IPHONEOS_DEPLOYMENT_TARGET = 15.0;
				LD_RUNPATH_SEARCH_PATHS = (
					"$(inherited)",
					"@executable_path/Frameworks",
				);
				MARKETING_VERSION = 1.0;
				PRODUCT_BUNDLE_IDENTIFIER = com.openlattice.chronicle;
				PRODUCT_NAME = "$(TARGET_NAME)";
				SWIFT_EMIT_LOC_STRINGS = YES;
				SWIFT_VERSION = 5.0;
				TARGETED_DEVICE_FAMILY = "1,2";
			};
			name = Release;
		};
/* End XCBuildConfiguration section */

/* Begin XCConfigurationList section */
		EA46D44E26C4F745008CE3C0 /* Build configuration list for PBXNativeTarget "chronicleTests" */ = {
			isa = XCConfigurationList;
			buildConfigurations = (
				EA46D44F26C4F745008CE3C0 /* Debug */,
				EA46D45026C4F745008CE3C0 /* Release */,
			);
			defaultConfigurationIsVisible = 0;
			defaultConfigurationName = Release;
		};
		EA802F2026BA4C0400C494F8 /* Build configuration list for PBXProject "chronicle" */ = {
			isa = XCConfigurationList;
			buildConfigurations = (
				EA802F3126BA4C0500C494F8 /* Debug */,
				EA802F3226BA4C0500C494F8 /* Release */,
			);
			defaultConfigurationIsVisible = 0;
			defaultConfigurationName = Release;
		};
		EA802F3326BA4C0500C494F8 /* Build configuration list for PBXNativeTarget "chronicle" */ = {
			isa = XCConfigurationList;
			buildConfigurations = (
				EA802F3426BA4C0500C494F8 /* Debug */,
				EA802F3526BA4C0500C494F8 /* Release */,
			);
			defaultConfigurationIsVisible = 0;
			defaultConfigurationName = Release;
		};
/* End XCConfigurationList section */
	};
	rootObject = EA802F1D26BA4C0400C494F8 /* Project object */;
}
